{
  "requires": true,
  "lockfileVersion": 1,
  "dependencies": {
    "@types/d3": {
      "version": "6.3.0",
      "resolved": "https://registry.npmjs.org/@types/d3/-/d3-6.3.0.tgz",
      "integrity": "sha512-YILdGsjNTbvkWZKsBasB4cVDwNPnni7ILMJg9keMErQHyuII2yO2jyFdUy5E+7k/HTNP/AucrPddQuu27udbeA==",
      "requires": {
        "@types/d3-array": "*",
        "@types/d3-axis": "*",
        "@types/d3-brush": "*",
        "@types/d3-chord": "*",
        "@types/d3-color": "*",
        "@types/d3-contour": "*",
        "@types/d3-delaunay": "*",
        "@types/d3-dispatch": "*",
        "@types/d3-drag": "*",
        "@types/d3-dsv": "*",
        "@types/d3-ease": "*",
        "@types/d3-fetch": "*",
        "@types/d3-force": "*",
        "@types/d3-format": "*",
        "@types/d3-geo": "*",
        "@types/d3-hierarchy": "*",
        "@types/d3-interpolate": "*",
        "@types/d3-path": "*",
        "@types/d3-polygon": "*",
        "@types/d3-quadtree": "*",
        "@types/d3-random": "*",
        "@types/d3-scale": "*",
        "@types/d3-scale-chromatic": "*",
        "@types/d3-selection": "*",
        "@types/d3-shape": "*",
        "@types/d3-time": "*",
        "@types/d3-time-format": "*",
        "@types/d3-timer": "*",
        "@types/d3-transition": "*",
        "@types/d3-zoom": "*"
      }
    },
    "@types/d3-array": {
      "version": "2.9.0",
      "resolved": "https://registry.npmjs.org/@types/d3-array/-/d3-array-2.9.0.tgz",
      "integrity": "sha512-sdBMGfNvLUkBypPMEhOcKcblTQfgHbqbYrUqRE31jOwdDHBJBxz4co2MDAq93S4Cp++phk4UiwoEg/1hK3xXAQ=="
    },
    "@types/d3-axis": {
      "version": "2.0.0",
      "resolved": "https://registry.npmjs.org/@types/d3-axis/-/d3-axis-2.0.0.tgz",
      "integrity": "sha512-gUdlEwGBLl3tXGiBnBNmNzph9W3bCfa4tBgWZD60Z1eDQKTY4zyCAcZ3LksignGfKawYatmDYcBdjJ5h/54sqA==",
      "requires": {
        "@types/d3-selection": "*"
      }
    },
    "@types/d3-brush": {
      "version": "2.1.0",
      "resolved": "https://registry.npmjs.org/@types/d3-brush/-/d3-brush-2.1.0.tgz",
      "integrity": "sha512-rLQqxQeXWF4ArXi81GlV8HBNwJw9EDpz0jcWvvzv548EDE4tXrayBTOHYi/8Q4FZ/Df8PGXFzxpAVQmJMjOtvQ==",
      "requires": {
        "@types/d3-selection": "*"
      }
    },
    "@types/d3-chord": {
      "version": "2.0.0",
      "resolved": "https://registry.npmjs.org/@types/d3-chord/-/d3-chord-2.0.0.tgz",
      "integrity": "sha512-3nHsLY7lImpZlM/hrPeDqqW2a+lRXXoHsG54QSurDGihZAIE/doQlohs0evoHrWOJqXyn4A4xbSVEtXnMEZZiw=="
    },
    "@types/d3-color": {
      "version": "2.0.1",
      "resolved": "https://registry.npmjs.org/@types/d3-color/-/d3-color-2.0.1.tgz",
      "integrity": "sha512-u7LTCL7RnaavFSmob2rIAJLNwu50i6gFwY9cHFr80BrQURYQBRkJ+Yv47nA3Fm7FeRhdWTiVTeqvSeOuMAOzBQ=="
    },
    "@types/d3-contour": {
      "version": "2.0.0",
      "resolved": "https://registry.npmjs.org/@types/d3-contour/-/d3-contour-2.0.0.tgz",
      "integrity": "sha512-PS9UO6zBQqwHXsocbpdzZFONgK1oRUgWtjjh/iz2vM06KaXLInLiKZ9e3OLBRerc1cU2uJYpO+8zOnb6frvCGQ==",
      "requires": {
        "@types/d3-array": "*",
        "@types/geojson": "*"
      }
    },
    "@types/d3-delaunay": {
      "version": "5.3.0",
      "resolved": "https://registry.npmjs.org/@types/d3-delaunay/-/d3-delaunay-5.3.0.tgz",
      "integrity": "sha512-gJYcGxLu0xDZPccbUe32OUpeaNtd1Lz0NYJtko6ZLMyG2euF4pBzrsQXms67LHZCDFzzszw+dMhSL/QAML3bXw=="
    },
    "@types/d3-dispatch": {
      "version": "2.0.0",
      "resolved": "https://registry.npmjs.org/@types/d3-dispatch/-/d3-dispatch-2.0.0.tgz",
      "integrity": "sha512-Sh0KW6z/d7uxssD7K4s4uCSzlEG/+SP+U47q098NVdOfFvUKNTvKAIV4XqjxsUuhE/854ARAREHOxkr9gQOCyg=="
    },
    "@types/d3-drag": {
      "version": "2.0.0",
      "resolved": "https://registry.npmjs.org/@types/d3-drag/-/d3-drag-2.0.0.tgz",
      "integrity": "sha512-VaUJPjbMnDn02tcRqsHLRAX5VjcRIzCjBfeXTLGe6QjMn5JccB5Cz4ztMRXMJfkbC45ovgJFWuj6DHvWMX1thA==",
      "requires": {
        "@types/d3-selection": "*"
      }
    },
    "@types/d3-dsv": {
      "version": "2.0.1",
      "resolved": "https://registry.npmjs.org/@types/d3-dsv/-/d3-dsv-2.0.1.tgz",
      "integrity": "sha512-wovgiG9Mgkr/SZ/m/c0m+RwrIT4ozsuCWeLxJyoObDWsie2DeQT4wzMdHZPR9Ya5oZLQT3w3uSl0NehG0+0dCA=="
    },
    "@types/d3-ease": {
      "version": "2.0.0",
      "resolved": "https://registry.npmjs.org/@types/d3-ease/-/d3-ease-2.0.0.tgz",
      "integrity": "sha512-6aZrTyX5LG+ptofVHf+gTsThLRY1nhLotJjgY4drYqk1OkJMu2UvuoZRlPw2fffjRHeYepue3/fxTufqKKmvsA=="
    },
    "@types/d3-fetch": {
      "version": "2.0.0",
      "resolved": "https://registry.npmjs.org/@types/d3-fetch/-/d3-fetch-2.0.0.tgz",
      "integrity": "sha512-WnLepGtxepFfXRdPI8I5FTgNiHn9p4vMTTqaNCzJJfAswXx0rOY2jjeolzEU063em3iJmGZ+U79InnEeFOrCRw==",
      "requires": {
        "@types/d3-dsv": "*"
      }
    },
    "@types/d3-force": {
      "version": "2.1.0",
      "resolved": "https://registry.npmjs.org/@types/d3-force/-/d3-force-2.1.0.tgz",
      "integrity": "sha512-LGDtC2YADu8OBniq9EBx/MOsXsMcJbEkmfSpXuz6oVdRamB+3CLCiq5EKFPEILGZQckkilGFq1ZTJ7kc289k+Q=="
    },
    "@types/d3-format": {
      "version": "2.0.0",
      "resolved": "https://registry.npmjs.org/@types/d3-format/-/d3-format-2.0.0.tgz",
      "integrity": "sha512-uagdkftxnGkO4pZw5jEYOM5ZnZOEsh7z8j11Qxk85UkB2RzfUUxRl7R9VvvJZHwKn8l+x+rpS77Nusq7FkFmIg=="
    },
    "@types/d3-geo": {
      "version": "2.0.0",
      "resolved": "https://registry.npmjs.org/@types/d3-geo/-/d3-geo-2.0.0.tgz",
      "integrity": "sha512-DHHgYXW36lnAEQMYU2udKVOxxljHrn2EdOINeSC9jWCAXwOnGn7A19B8sNsHqgpu4F7O2bSD7//cqBXD3W0Deg==",
      "requires": {
        "@types/geojson": "*"
      }
    },
    "@types/d3-hierarchy": {
      "version": "2.0.0",
      "resolved": "https://registry.npmjs.org/@types/d3-hierarchy/-/d3-hierarchy-2.0.0.tgz",
      "integrity": "sha512-YxdskUvwzqggpnSnDQj4KVkicgjpkgXn/g/9M9iGsiToLS3nG6Ytjo1FoYhYVAAElV/fJBGVL3cQ9Hb7tcv+lw=="
    },
    "@types/d3-interpolate": {
      "version": "2.0.0",
      "resolved": "https://registry.npmjs.org/@types/d3-interpolate/-/d3-interpolate-2.0.0.tgz",
      "integrity": "sha512-Wt1v2zTlEN8dSx8hhx6MoOhWQgTkz0Ukj7owAEIOF2QtI0e219paFX9rf/SLOr/UExWb1TcUzatU8zWwFby6gg==",
      "requires": {
        "@types/d3-color": "*"
      }
    },
    "@types/d3-path": {
      "version": "2.0.0",
      "resolved": "https://registry.npmjs.org/@types/d3-path/-/d3-path-2.0.0.tgz",
      "integrity": "sha512-tXcR/9OtDdeCIsyl6eTNHC3XOAOdyc6ceF3QGBXOd9jTcK+ex/ecr00p9L9362e/op3UEPpxrToi1FHrtTSj7Q=="
    },
    "@types/d3-polygon": {
      "version": "2.0.0",
      "resolved": "https://registry.npmjs.org/@types/d3-polygon/-/d3-polygon-2.0.0.tgz",
      "integrity": "sha512-fISnMd8ePED1G4aa4V974Jmt+ajHSgPoxMa2D0ULxMybpx0Vw4WEzhQEaMIrL3hM8HVRcKTx669I+dTy/4PhAw=="
    },
    "@types/d3-quadtree": {
      "version": "2.0.0",
      "resolved": "https://registry.npmjs.org/@types/d3-quadtree/-/d3-quadtree-2.0.0.tgz",
      "integrity": "sha512-YZuJuGBnijD0H+98xMJD4oZXgv/umPXy5deu3IimYTPGH3Kr8Th6iQUff0/6S80oNBD7KtOuIHwHUCymUiRoeQ=="
    },
    "@types/d3-random": {
      "version": "2.2.0",
      "resolved": "https://registry.npmjs.org/@types/d3-random/-/d3-random-2.2.0.tgz",
      "integrity": "sha512-Hjfj9m68NmYZzushzEG7etPvKH/nj9b9s9+qtkNG3/dbRBjQZQg1XS6nRuHJcCASTjxXlyXZnKu2gDxyQIIu9A=="
    },
    "@types/d3-scale": {
      "version": "3.2.2",
      "resolved": "https://registry.npmjs.org/@types/d3-scale/-/d3-scale-3.2.2.tgz",
      "integrity": "sha512-qpQe8G02tzUwt9sdWX1h8A/W0Q1+N48wMnYXVOkrzeLUkCfvzJYV9Ee3aORCS4dN4ONRLFmMvaXdziQ29XGLjQ==",
      "requires": {
        "@types/d3-time": "*"
      }
    },
    "@types/d3-scale-chromatic": {
      "version": "2.0.0",
      "resolved": "https://registry.npmjs.org/@types/d3-scale-chromatic/-/d3-scale-chromatic-2.0.0.tgz",
      "integrity": "sha512-Y62+2clOwZoKua84Ha0xU77w7lePiaBoTjXugT4l8Rd5LAk+Mn/ZDtrgs087a+B5uJ3jYUHHtKw5nuEzp0WBHw=="
    },
    "@types/d3-selection": {
      "version": "2.0.0",
      "resolved": "https://registry.npmjs.org/@types/d3-selection/-/d3-selection-2.0.0.tgz",
      "integrity": "sha512-EF0lWZ4tg7oDFg4YQFlbOU3936e3a9UmoQ2IXlBy1+cv2c2Pv7knhKUzGlH5Hq2sF/KeDTH1amiRPey2rrLMQA=="
    },
    "@types/d3-shape": {
      "version": "2.0.0",
      "resolved": "https://registry.npmjs.org/@types/d3-shape/-/d3-shape-2.0.0.tgz",
      "integrity": "sha512-NLzD02m5PiD1KLEDjLN+MtqEcFYn4ZL9+Rqc9ZwARK1cpKZXd91zBETbe6wpBB6Ia0D0VZbpmbW3+BsGPGnCpA==",
      "requires": {
        "@types/d3-path": "^1"
      },
      "dependencies": {
        "@types/d3-path": {
          "version": "1.0.9",
          "resolved": "https://registry.npmjs.org/@types/d3-path/-/d3-path-1.0.9.tgz",
          "integrity": "sha512-NaIeSIBiFgSC6IGUBjZWcscUJEq7vpVu7KthHN8eieTV9d9MqkSOZLH4chq1PmcKy06PNe3axLeKmRIyxJ+PZQ=="
        }
      }
    },
    "@types/d3-time": {
      "version": "2.0.0",
      "resolved": "https://registry.npmjs.org/@types/d3-time/-/d3-time-2.0.0.tgz",
      "integrity": "sha512-Abz8bTzy8UWDeYs9pCa3D37i29EWDjNTjemdk0ei1ApYVNqulYlGUKip/jLOpogkPSsPz/GvZCYiC7MFlEk0iQ=="
    },
    "@types/d3-time-format": {
      "version": "3.0.0",
      "resolved": "https://registry.npmjs.org/@types/d3-time-format/-/d3-time-format-3.0.0.tgz",
      "integrity": "sha512-UpLg1mn/8PLyjr+J/JwdQJM/GzysMvv2CS8y+WYAL5K0+wbvXv/pPSLEfdNaprCZsGcXTxPsFMy8QtkYv9ueew=="
    },
    "@types/d3-timer": {
      "version": "2.0.0",
      "resolved": "https://registry.npmjs.org/@types/d3-timer/-/d3-timer-2.0.0.tgz",
      "integrity": "sha512-l6stHr1VD1BWlW6u3pxrjLtJfpPZq9I3XmKIQtq7zHM/s6fwEtI1Yn6Sr5/jQTrUDCC5jkS6gWqlFGCDArDqNg=="
    },
    "@types/d3-transition": {
      "version": "2.0.0",
      "resolved": "https://registry.npmjs.org/@types/d3-transition/-/d3-transition-2.0.0.tgz",
      "integrity": "sha512-UJDzI98utcZQUJt3uIit/Ho0/eBIANzrWJrTmi4+TaKIyWL2iCu7ShP0o4QajCskhyjOA7C8+4CE3b1YirTzEQ==",
      "requires": {
        "@types/d3-selection": "*"
      }
    },
    "@types/d3-zoom": {
      "version": "2.0.0",
      "resolved": "https://registry.npmjs.org/@types/d3-zoom/-/d3-zoom-2.0.0.tgz",
      "integrity": "sha512-daL0PJm4yT0ISTGa7p2lHX0kvv9FO/IR1ooWbHR/7H4jpbaKiLux5FslyS/OvISPiJ5SXb4sOqYhO6fMB6hKRw==",
      "requires": {
        "@types/d3-interpolate": "*",
        "@types/d3-selection": "*"
      }
    },
    "@types/geojson": {
      "version": "7946.0.7",
      "resolved": "https://registry.npmjs.org/@types/geojson/-/geojson-7946.0.7.tgz",
      "integrity": "sha512-wE2v81i4C4Ol09RtsWFAqg3BUitWbHSpSlIo+bNdsCJijO9sjme+zm+73ZMCa/qMC8UEERxzGbvmr1cffo2SiQ=="
    },
    "async": {
      "version": "2.6.3",
      "resolved": "https://registry.npmjs.org/async/-/async-2.6.3.tgz",
      "integrity": "sha512-zflvls11DCy+dQWzTW2dzuilv8Z5X/pjfmZOWba6TNIVDm+2UDaJmXSOXlasHKfNBs8oo3M0aT50fDEWfKZjXg==",
      "requires": {
        "lodash": "^4.17.14"
      }
    },
    "basic-auth": {
      "version": "1.1.0",
      "resolved": "https://registry.npmjs.org/basic-auth/-/basic-auth-1.1.0.tgz",
      "integrity": "sha1-RSIe5Cn37h5QNb4/UVM/HN/SmIQ="
    },
    "colors": {
      "version": "1.4.0",
      "resolved": "https://registry.npmjs.org/colors/-/colors-1.4.0.tgz",
      "integrity": "sha512-a+UqTh4kgZg/SlGvfbzDHpgRu7AAQOmmqRHJnxhRZICKFUT91brVhNNt58CMWU9PsBbv3PDCZUHbVxuDiH2mtA=="
    },
    "commander": {
      "version": "2.20.3",
      "resolved": "https://registry.npmjs.org/commander/-/commander-2.20.3.tgz",
      "integrity": "sha512-GpVkmM8vF2vQUkj2LvZmD35JxeJOLCwJ9cUkugyk2nuhbv3+mJvpLYYt+0+USMxE+oj+ey/lJEnhZw75x/OMcQ=="
    },
    "corser": {
      "version": "2.0.1",
      "resolved": "https://registry.npmjs.org/corser/-/corser-2.0.1.tgz",
      "integrity": "sha1-jtolLsqrWEDc2XXOuQ2TcMgZ/4c="
    },
    "debug": {
      "version": "3.2.7",
      "resolved": "https://registry.npmjs.org/debug/-/debug-3.2.7.tgz",
      "integrity": "sha512-CFjzYYAi4ThfiQvizrFQevTTXHtnCqWfe7x1AhgEscTz6ZbLbfoLRLPugTQyBth6f8ZERVUSyWHFD/7Wu4t1XQ==",
      "requires": {
        "ms": "^2.1.1"
      }
    },
    "ecstatic": {
      "version": "3.3.2",
      "resolved": "https://registry.npmjs.org/ecstatic/-/ecstatic-3.3.2.tgz",
      "integrity": "sha512-fLf9l1hnwrHI2xn9mEDT7KIi22UDqA2jaCwyCbSUJh9a1V+LEUSL/JO/6TIz/QyuBURWUHrFL5Kg2TtO1bkkog==",
      "requires": {
        "he": "^1.1.1",
        "mime": "^1.6.0",
        "minimist": "^1.1.0",
        "url-join": "^2.0.5"
      }
    },
    "eventemitter3": {
      "version": "4.0.7",
      "resolved": "https://registry.npmjs.org/eventemitter3/-/eventemitter3-4.0.7.tgz",
      "integrity": "sha512-8guHBZCwKnFhYdHr2ysuRWErTwhoN2X8XELRlrRwpmfeY2jjuUN4taQMsULKUVo1K4DvZl+0pgfyoysHxvmvEw=="
    },
    "follow-redirects": {
      "version": "1.13.2",
      "resolved": "https://registry.npmjs.org/follow-redirects/-/follow-redirects-1.13.2.tgz",
      "integrity": "sha512-6mPTgLxYm3r6Bkkg0vNM0HTjfGrOEtsfbhagQvbxDEsEkpNhw582upBaoRZylzen6krEmxXJgt9Ju6HiI4O7BA=="
    },
    "he": {
      "version": "1.2.0",
      "resolved": "https://registry.npmjs.org/he/-/he-1.2.0.tgz",
      "integrity": "sha512-F/1DnUGPopORZi0ni+CvrCgHQ5FyEAHRLSApuYWMmrbSwoN2Mn/7k+Gl38gJnR7yyDZk6WLXwiGod1JOWNDKGw=="
    },
    "http-proxy": {
      "version": "1.18.1",
      "resolved": "https://registry.npmjs.org/http-proxy/-/http-proxy-1.18.1.tgz",
      "integrity": "sha512-7mz/721AbnJwIVbnaSv1Cz3Am0ZLT/UBwkC92VlxhXv/k/BBQfM2fXElQNC27BVGr0uwUpplYPQM9LnaBMR5NQ==",
      "requires": {
        "eventemitter3": "^4.0.0",
        "follow-redirects": "^1.0.0",
        "requires-port": "^1.0.0"
      }
    },
    "http-server": {
      "version": "0.12.3",
      "resolved": "https://registry.npmjs.org/http-server/-/http-server-0.12.3.tgz",
      "integrity": "sha512-be0dKG6pni92bRjq0kvExtj/NrrAd28/8fCXkaI/4piTwQMSDSLMhWyW0NI1V+DBI3aa1HMlQu46/HjVLfmugA==",
      "requires": {
        "basic-auth": "^1.0.3",
        "colors": "^1.4.0",
        "corser": "^2.0.1",
        "ecstatic": "^3.3.2",
        "http-proxy": "^1.18.0",
        "minimist": "^1.2.5",
        "opener": "^1.5.1",
        "portfinder": "^1.0.25",
        "secure-compare": "3.0.1",
        "union": "~0.5.0"
      }
    },
    "lodash": {
      "version": "4.17.20",
      "resolved": "https://registry.npmjs.org/lodash/-/lodash-4.17.20.tgz",
      "integrity": "sha512-PlhdFcillOINfeV7Ni6oF1TAEayyZBoZ8bcshTHqOYJYlrqzRK5hagpagky5o4HfCzzd1TRkXPMFq6cKk9rGmA=="
    },
    "mime": {
      "version": "1.6.0",
      "resolved": "https://registry.npmjs.org/mime/-/mime-1.6.0.tgz",
      "integrity": "sha512-x0Vn8spI+wuJ1O6S7gnbaQg8Pxh4NNHb7KSINmEWKiPE4RKOplvijn+NkmYmmRgP68mc70j2EbeTFRsrswaQeg=="
    },
    "minimist": {
      "version": "1.2.5",
      "resolved": "https://registry.npmjs.org/minimist/-/minimist-1.2.5.tgz",
      "integrity": "sha512-FM9nNUYrRBAELZQT3xeZQ7fmMOBg6nWNmJKTcgsJeaLstP/UODVpGsr5OhXhhXg6f+qtJ8uiZ+PUxkDWcgIXLw=="
    },
    "mkdirp": {
      "version": "0.5.5",
      "resolved": "https://registry.npmjs.org/mkdirp/-/mkdirp-0.5.5.tgz",
      "integrity": "sha512-NKmAlESf6jMGym1++R0Ra7wvhV+wFW63FaSOFPwRahvea0gMUcGUhVeAg/0BC0wiv9ih5NYPB1Wn1UEI1/L+xQ==",
      "requires": {
        "minimist": "^1.2.5"
      }
    },
    "ms": {
      "version": "2.1.3",
      "resolved": "https://registry.npmjs.org/ms/-/ms-2.1.3.tgz",
      "integrity": "sha512-6FlzubTLZG3J2a/NVCAleEhjzq5oxgHyaCU9yYXvcLsvoVaHJq/s5xXI6/XXP6tz7R9xAOtHnSO/tXtF3WRTlA=="
    },
    "opener": {
      "version": "1.5.2",
      "resolved": "https://registry.npmjs.org/opener/-/opener-1.5.2.tgz",
      "integrity": "sha512-ur5UIdyw5Y7yEj9wLzhqXiy6GZ3Mwx0yGI+5sMn2r0N0v3cKJvUmFH5yPP+WXh9e0xfyzyJX95D8l088DNFj7A=="
    },
    "portfinder": {
      "version": "1.0.28",
      "resolved": "https://registry.npmjs.org/portfinder/-/portfinder-1.0.28.tgz",
      "integrity": "sha512-Se+2isanIcEqf2XMHjyUKskczxbPH7dQnlMjXX6+dybayyHvAf/TCgyMRlzf/B6QDhAEFOGes0pzRo3by4AbMA==",
      "requires": {
        "async": "^2.6.2",
        "debug": "^3.1.1",
        "mkdirp": "^0.5.5"
      }
    },
    "qs": {
      "version": "6.9.6",
      "resolved": "https://registry.npmjs.org/qs/-/qs-6.9.6.tgz",
      "integrity": "sha512-TIRk4aqYLNoJUbd+g2lEdz5kLWIuTMRagAXxl78Q0RiVjAOugHmeKNGdd3cwo/ktpf9aL9epCfFqWDEKysUlLQ=="
    },
    "requires-port": {
      "version": "1.0.0",
      "resolved": "https://registry.npmjs.org/requires-port/-/requires-port-1.0.0.tgz",
      "integrity": "sha1-kl0mAdOaxIXgkc8NpcbmlNw9yv8="
    },
    "secure-compare": {
      "version": "3.0.1",
      "resolved": "https://registry.npmjs.org/secure-compare/-/secure-compare-3.0.1.tgz",
      "integrity": "sha1-8aAymzCLIh+uN7mXTz1XjQypmeM="
    },
    "topojson-client": {
      "version": "3.1.0",
      "resolved": "https://registry.npmjs.org/topojson-client/-/topojson-client-3.1.0.tgz",
      "integrity": "sha512-605uxS6bcYxGXw9qi62XyrV6Q3xwbndjachmNxu8HWTtVPxZfEJN9fd/SZS1Q54Sn2y0TMyMxFj/cJINqGHrKw==",
      "requires": {
        "commander": "2"
      }
    },
    "typescript": {
      "version": "4.1.3",
      "resolved": "https://registry.npmjs.org/typescript/-/typescript-4.1.3.tgz",
      "integrity": "sha512-B3ZIOf1IKeH2ixgHhj6la6xdwR9QrLC5d1VKeCSY4tvkqhF2eqd9O7txNlS0PO3GrBAFIdr3L1ndNwteUbZLYg=="
    },
    "union": {
      "version": "0.5.0",
      "resolved": "https://registry.npmjs.org/union/-/union-0.5.0.tgz",
      "integrity": "sha512-N6uOhuW6zO95P3Mel2I2zMsbsanvvtgn6jVqJv4vbVcz/JN0OkL9suomjQGmWtxJQXOCqUJvquc1sMeNz/IwlA==",
      "requires": {
        "qs": "^6.4.0"
      }
    },
    "url-join": {
      "version": "2.0.5",
      "resolved": "https://registry.npmjs.org/url-join/-/url-join-2.0.5.tgz",
      "integrity": "sha1-WvIvGMBSoACkjXuCxenC4v7tpyg="
    }
  }
}
